
Microsoft Visual Studio Solution File, Format Version 12.00
# Visual Studio Version 17
VisualStudioVersion = 17.13.35825.156 d17.13
MinimumVisualStudioVersion = 10.0.40219.1
Project("{FAE04EC0-301F-11D3-BF4B-00C04F79EFBC}") = "ChatAppDrm", "ChatAppDrm.csproj", "{D2416E09-57E5-3833-D685-C53B3E1D8B63}"
EndProject
Global
	GlobalSection(SolutionConfigurationPlatforms) = preSolution
		Debug|Any CPU = Debug|Any CPU
		Release|Any CPU = Release|Any CPU
	EndGlobalSection
	GlobalSection(ProjectConfigurationPlatforms) = postSolution
		{D2416E09-57E5-3833-D685-C53B3E1D8B63}.Debug|Any CPU.ActiveCfg = Debug|Any CPU
		{D2416E09-57E5-3833-D685-C53B3E1D8B63}.Debug|Any CPU.Build.0 = Debug|Any CPU
		{D2416E09-57E5-3833-D685-C53B3E1D8B63}.Release|Any CPU.ActiveCfg = Release|Any CPU
		{D2416E09-57E5-3833-D685-C53B3E1D8B63}.Release|Any CPU.Build.0 = Release|Any CPU
	EndGlobalSection
	GlobalSection(SolutionProperties) = preSolution
		HideSolutionNode = FALSE
	EndGlobalSection
	GlobalSection(ExtensibilityGlobals) = postSolution
		SolutionGuid = {8AC9889E-01D5-49A5-AB58-E02C37F28326}
	EndGlobalSection
EndGlobal
